PODS:
  - RTBlockCallChecker (0.1.1)

DEPENDENCIES:
  - RTBlockCallChecker (from `../`)

EXTERNAL SOURCES:
  RTBlockCallChecker:
    :path: "../"

SPEC CHECKSUMS:
  RTBlockCallChecker: 10a8942cf36891c35b4d989d2fa7d02661b69814

PODFILE CHECKSUM: f61deac7e17e643bf0a984059d47f7797d5f78c3

COCOAPODS: 1.5.3
